Microsoft Visual Studio Solution File, Format Version 12.00
# Visual Studio 2012
Project("{FAE04EC0-301F-11D3-BF4B-00C04F79EFBC}") = "xiuxian_demo", "xiuxian_demo.csproj", "{2956EBE6-3ECD-4E66-8DDA-C1CC1F23206E}"
EndProject
Global
	GlobalSection(SolutionConfigurationPlatforms) = preSolution
	Debug|Any CPU = Debug|Any CPU
	ExportDebug|Any CPU = ExportDebug|Any CPU
	ExportRelease|Any CPU = ExportRelease|Any CPU
	EndGlobalSection
	GlobalSection(ProjectConfigurationPlatforms) = postSolution
		{2956EBE6-3ECD-4E66-8DDA-C1CC1F23206E}.Debug|Any CPU.ActiveCfg = Debug|Any CPU
		{2956EBE6-3ECD-4E66-8DDA-C1CC1F23206E}.Debug|Any CPU.Build.0 = Debug|Any CPU
		{2956EBE6-3ECD-4E66-8DDA-C1CC1F23206E}.ExportDebug|Any CPU.ActiveCfg = ExportDebug|Any CPU
		{2956EBE6-3ECD-4E66-8DDA-C1CC1F23206E}.ExportDebug|Any CPU.Build.0 = ExportDebug|Any CPU
		{2956EBE6-3ECD-4E66-8DDA-C1CC1F23206E}.ExportRelease|Any CPU.ActiveCfg = ExportRelease|Any CPU
		{2956EBE6-3ECD-4E66-8DDA-C1CC1F23206E}.ExportRelease|Any CPU.Build.0 = ExportRelease|Any CPU
	EndGlobalSection
EndGlobal
